// !$*UTF8*$!
{
	archiveVersion = 1;
	classes = {
	};
	objectVersion = 52;
	objects = {

/* Begin PBXBuildFile section */
		A82F464E26A8068F005BED82 /* ViewTestingSampleApp.swift in Sources */ = {isa = PBXBuildFile; fileRef = A82F464D26A8068F005BED82 /* ViewTestingSampleApp.swift */; };
		A82F465026A8068F005BED82 /* ContentView.swift in Sources */ = {isa = PBXBuildFile; fileRef = A82F464F26A8068F005BED82 /* ContentView.swift */; };
		A82F465226A80690005BED82 /* Assets.xcassets in Resources */ = {isa = PBXBuildFile; fileRef = A82F465126A80690005BED82 /* Assets.xcassets */; };
		A82F465526A80690005BED82 /* Preview Assets.xcassets in Resources */ = {isa = PBXBuildFile; fileRef = A82F465426A80690005BED82 /* Preview Assets.xcassets */; };
		A82F466026A80691005BED82 /* ViewTestingSampleTests.swift in Sources */ = {isa = PBXBuildFile; fileRef = A82F465F26A80691005BED82 /* ViewTestingSampleTests.swift */; };
		A82F466B26A80691005BED82 /* ViewTestingSampleUITests.swift in Sources */ = {isa = PBXBuildFile; fileRef = A82F466A26A80691005BED82 /* ViewTestingSampleUITests.swift */; };
		A82F467D26A808EA005BED82 /* ViewInspector in Frameworks */ = {isa = PBXBuildFile; productRef = A82F467C26A808EA005BED82 /* ViewInspector */; };
		A82F467F26A80A7E005BED82 /* ViewModel.swift in Sources */ = {isa = PBXBuildFile; fileRef = A82F467E26A80A7E005BED82 /* ViewModel.swift */; };
		A82F468126A80B0C005BED82 /* View+Snapshot.swift in Sources */ = {isa = PBXBuildFile; fileRef = A82F468026A80B0C005BED82 /* View+Snapshot.swift */; };
		A849699D26AE45B900F34444 /* SimpleNavigationView.swift in Sources */ = {isa = PBXBuildFile; fileRef = A849699C26AE45B900F34444 /* SimpleNavigationView.swift */; };
		A849699F26AE4B2100F34444 /* LoginFormView.swift in Sources */ = {isa = PBXBuildFile; fileRef = A849699E26AE4B2100F34444 /* LoginFormView.swift */; };
		A8C529CB26B137C6005D976E /* SwipeView.swift in Sources */ = {isa = PBXBuildFile; fileRef = A8C529CA26B137C6005D976E /* SwipeView.swift */; };
		A8C529CD26B139A1005D976E /* ArgumentsView.swift in Sources */ = {isa = PBXBuildFile; fileRef = A8C529CC26B139A1005D976E /* ArgumentsView.swift */; };
		A8D165E626B0D600002062B7 /* SegmentView.swift in Sources */ = {isa = PBXBuildFile; fileRef = A8D165E526B0D600002062B7 /* SegmentView.swift */; };
		A8D165E826B0D9B9002062B7 /* TabbedView.swift in Sources */ = {isa = PBXBuildFile; fileRef = A8D165E726B0D9B9002062B7 /* TabbedView.swift */; };
		A8D165EA26B0DF7A002062B7 /* SwitchView.swift in Sources */ = {isa = PBXBuildFile; fileRef = A8D165E926B0DF7A002062B7 /* SwitchView.swift */; };
/* End PBXBuildFile section */

/* Begin PBXContainerItemProxy section */
		A82F465C26A80691005BED82 /* PBXContainerItemProxy */ = {
			isa = PBXContainerItemProxy;
			containerPortal = A82F464226A8068F005BED82 /* Project object */;
			proxyType = 1;
			remoteGlobalIDString = A82F464926A8068F005BED82;
			remoteInfo = ViewTestingSample;
		};
		A82F466726A80691005BED82 /* PBXContainerItemProxy */ = {
			isa = PBXContainerItemProxy;
			containerPortal = A82F464226A8068F005BED82 /* Project object */;
			proxyType = 1;
			remoteGlobalIDString = A82F464926A8068F005BED82;
			remoteInfo = ViewTestingSample;
		};
/* End PBXContainerItemProxy section */

/* Begin PBXFileReference section */
		A82F464A26A8068F005BED82 /* ViewTestingSample.app */ = {isa = PBXFileReference; explicitFileType = wrapper.application; includeInIndex = 0; path = ViewTestingSample.app; sourceTree = BUILT_PRODUCTS_DIR; };
		A82F464D26A8068F005BED82 /* ViewTestingSampleApp.swift */ = {isa = PBXFileReference; lastKnownFileType = sourcecode.swift; path = ViewTestingSampleApp.swift; sourceTree = "<group>"; };
		A82F464F26A8068F005BED82 /* ContentView.swift */ = {isa = PBXFileReference; lastKnownFileType = sourcecode.swift; path = ContentView.swift; sourceTree = "<group>"; };
		A82F465126A80690005BED82 /* Assets.xcassets */ = {isa = PBXFileReference; lastKnownFileType = folder.assetcatalog; path = Assets.xcassets; sourceTree = "<group>"; };
		A82F465426A80690005BED82 /* Preview Assets.xcassets */ = {isa = PBXFileReference; lastKnownFileType = folder.assetcatalog; path = "Preview Assets.xcassets"; sourceTree = "<group>"; };
		A82F465626A80690005BED82 /* Info.plist */ = {isa = PBXFileReference; lastKnownFileType = text.plist.xml; path = Info.plist; sourceTree = "<group>"; };
		A82F465B26A80691005BED82 /* ViewTestingSampleTests.xctest */ = {isa = PBXFileReference; explicitFileType = wrapper.cfbundle; includeInIndex = 0; path = ViewTestingSampleTests.xctest; sourceTree = BUILT_PRODUCTS_DIR; };
		A82F465F26A80691005BED82 /* ViewTestingSampleTests.swift */ = {isa = PBXFileReference; lastKnownFileType = sourcecode.swift; path = ViewTestingSampleTests.swift; sourceTree = "<group>"; };
		A82F466126A80691005BED82 /* Info.plist */ = {isa = PBXFileReference; lastKnownFileType = text.plist.xml; path = Info.plist; sourceTree = "<group>"; };
		A82F466626A80691005BED82 /* ViewTestingSampleUITests.xctest */ = {isa = PBXFileReference; explicitFileType = wrapper.cfbundle; includeInIndex = 0; path = ViewTestingSampleUITests.xctest; sourceTree = BUILT_PRODUCTS_DIR; };
		A82F466A26A80691005BED82 /* ViewTestingSampleUITests.swift */ = {isa = PBXFileReference; lastKnownFileType = sourcecode.swift; path = ViewTestingSampleUITests.swift; sourceTree = "<group>"; };
		A82F466C26A80691005BED82 /* Info.plist */ = {isa = PBXFileReference; lastKnownFileType = text.plist.xml; path = Info.plist; sourceTree = "<group>"; };
		A82F467E26A80A7E005BED82 /* ViewModel.swift */ = {isa = PBXFileReference; lastKnownFileType = sourcecode.swift; path = ViewModel.swift; sourceTree = "<group>"; };
		A82F468026A80B0C005BED82 /* View+Snapshot.swift */ = {isa = PBXFileReference; lastKnownFileType = sourcecode.swift; path = "View+Snapshot.swift"; sourceTree = "<group>"; };
		A849699C26AE45B900F34444 /* SimpleNavigationView.swift */ = {isa = PBXFileReference; lastKnownFileType = sourcecode.swift; path = SimpleNavigationView.swift; sourceTree = "<group>"; };
		A849699E26AE4B2100F34444 /* LoginFormView.swift */ = {isa = PBXFileReference; lastKnownFileType = sourcecode.swift; path = LoginFormView.swift; sourceTree = "<group>"; };
		A8C529CA26B137C6005D976E /* SwipeView.swift */ = {isa = PBXFileReference; lastKnownFileType = sourcecode.swift; path = SwipeView.swift; sourceTree = "<group>"; };
		A8C529CC26B139A1005D976E /* ArgumentsView.swift */ = {isa = PBXFileReference; lastKnownFileType = sourcecode.swift; path = ArgumentsView.swift; sourceTree = "<group>"; };
		A8D165E526B0D600002062B7 /* SegmentView.swift */ = {isa = PBXFileReference; lastKnownFileType = sourcecode.swift; path = SegmentView.swift; sourceTree = "<group>"; };
		A8D165E726B0D9B9002062B7 /* TabbedView.swift */ = {isa = PBXFileReference; lastKnownFileType = sourcecode.swift; path = TabbedView.swift; sourceTree = "<group>"; };
		A8D165E926B0DF7A002062B7 /* SwitchView.swift */ = {isa = PBXFileReference; lastKnownFileType = sourcecode.swift; path = SwitchView.swift; sourceTree = "<group>"; };
/* End PBXFileReference section */

/* Begin PBXFrameworksBuildPhase section */
		A82F464726A8068F005BED82 /* Frameworks */ = {
			isa = PBXFrameworksBuildPhase;
			buildActionMask = 2147483647;
			files = (
			);
			runOnlyForDeploymentPostprocessing = 0;
		};
		A82F465826A80691005BED82 /* Frameworks */ = {
			isa = PBXFrameworksBuildPhase;
			buildActionMask = 2147483647;
			files = (
				A82F467D26A808EA005BED82 /* ViewInspector in Frameworks */,
			);
			runOnlyForDeploymentPostprocessing = 0;
		};
		A82F466326A80691005BED82 /* Frameworks */ = {
			isa = PBXFrameworksBuildPhase;
			buildActionMask = 2147483647;
			files = (
			);
			runOnlyForDeploymentPostprocessing = 0;
		};
/* End PBXFrameworksBuildPhase section */

/* Begin PBXGroup section */
		A82F464126A8068F005BED82 = {
			isa = PBXGroup;
			children = (
				A82F464C26A8068F005BED82 /* ViewTestingSample */,
				A82F465E26A80691005BED82 /* ViewTestingSampleTests */,
				A82F466926A80691005BED82 /* ViewTestingSampleUITests */,
				A82F464B26A8068F005BED82 /* Products */,
				A82F467B26A808EA005BED82 /* Frameworks */,
			);
			sourceTree = "<group>";
		};
		A82F464B26A8068F005BED82 /* Products */ = {
			isa = PBXGroup;
			children = (
				A82F464A26A8068F005BED82 /* ViewTestingSample.app */,
				A82F465B26A80691005BED82 /* ViewTestingSampleTests.xctest */,
				A82F466626A80691005BED82 /* ViewTestingSampleUITests.xctest */,
			);
			name = Products;
			sourceTree = "<group>";
		};
		A82F464C26A8068F005BED82 /* ViewTestingSample */ = {
			isa = PBXGroup;
			children = (
				A82F464D26A8068F005BED82 /* ViewTestingSampleApp.swift */,
				A82F464F26A8068F005BED82 /* ContentView.swift */,
				A849699C26AE45B900F34444 /* SimpleNavigationView.swift */,
				A849699E26AE4B2100F34444 /* LoginFormView.swift */,
				A8D165E526B0D600002062B7 /* SegmentView.swift */,
				A8D165E726B0D9B9002062B7 /* TabbedView.swift */,
				A8D165E926B0DF7A002062B7 /* SwitchView.swift */,
				A8C529CA26B137C6005D976E /* SwipeView.swift */,
				A8C529CC26B139A1005D976E /* ArgumentsView.swift */,
				A82F467E26A80A7E005BED82 /* ViewModel.swift */,
				A82F468026A80B0C005BED82 /* View+Snapshot.swift */,
				A82F465126A80690005BED82 /* Assets.xcassets */,
				A82F465626A80690005BED82 /* Info.plist */,
				A82F465326A80690005BED82 /* Preview Content */,
			);
			path = ViewTestingSample;
			sourceTree = "<group>";
		};
		A82F465326A80690005BED82 /* Preview Content */ = {
			isa = PBXGroup;
			children = (
				A82F465426A80690005BED82 /* Preview Assets.xcassets */,
			);
			path = "Preview Content";
			sourceTree = "<group>";
		};
		A82F465E26A80691005BED82 /* ViewTestingSampleTests */ = {
			isa = PBXGroup;
			children = (
				A82F465F26A80691005BED82 /* ViewTestingSampleTests.swift */,
				A82F466126A80691005BED82 /* Info.plist */,
			);
			path = ViewTestingSampleTests;
			sourceTree = "<group>";
		};
		A82F466926A80691005BED82 /* ViewTestingSampleUITests */ = {
			isa = PBXGroup;
			children = (
				A82F466A26A80691005BED82 /* ViewTestingSampleUITests.swift */,
				A82F466C26A80691005BED82 /* Info.plist */,
			);
			path = ViewTestingSampleUITests;
			sourceTree = "<group>";
		};
		A82F467B26A808EA005BED82 /* Frameworks */ = {
			isa = PBXGroup;
			children = (
			);
			name = Frameworks;
			sourceTree = "<group>";
		};
/* End PBXGroup section */

/* Begin PBXNativeTarget section */
		A82F464926A8068F005BED82 /* ViewTestingSample */ = {
			isa = PBXNativeTarget;
			buildConfigurationList = A82F466F26A80691005BED82 /* Build configuration list for PBXNativeTarget "ViewTestingSample" */;
			buildPhases = (
				A82F464626A8068F005BED82 /* Sources */,
				A82F464726A8068F005BED82 /* Frameworks */,
				A82F464826A8068F005BED82 /* Resources */,
			);
			buildRules = (
			);
			dependencies = (
			);
			name = ViewTestingSample;
			packageProductDependencies = (
			);
			productName = ViewTestingSample;
			productReference = A82F464A26A8068F005BED82 /* ViewTestingSample.app */;
			productType = "com.apple.product-type.application";
		};
		A82F465A26A80691005BED82 /* ViewTestingSampleTests */ = {
			isa = PBXNativeTarget;
			buildConfigurationList = A82F467226A80691005BED82 /* Build configuration list for PBXNativeTarget "ViewTestingSampleTests" */;
			buildPhases = (
				A82F465726A80691005BED82 /* Sources */,
				A82F465826A80691005BED82 /* Frameworks */,
				A82F465926A80691005BED82 /* Resources */,
			);
			buildRules = (
			);
			dependencies = (
				A82F465D26A80691005BED82 /* PBXTargetDependency */,
			);
			name = ViewTestingSampleTests;
			packageProductDependencies = (
				A82F467C26A808EA005BED82 /* ViewInspector */,
			);
			productName = ViewTestingSampleTests;
			productReference = A82F465B26A80691005BED82 /* ViewTestingSampleTests.xctest */;
			productType = "com.apple.product-type.bundle.unit-test";
		};
		A82F466526A80691005BED82 /* ViewTestingSampleUITests */ = {
			isa = PBXNativeTarget;
			buildConfigurationList = A82F467526A80691005BED82 /* Build configuration list for PBXNativeTarget "ViewTestingSampleUITests" */;
			buildPhases = (
				A82F466226A80691005BED82 /* Sources */,
				A82F466326A80691005BED82 /* Frameworks */,
				A82F466426A80691005BED82 /* Resources */,
			);
			buildRules = (
			);
			dependencies = (
				A82F466826A80691005BED82 /* PBXTargetDependency */,
			);
			name = ViewTestingSampleUITests;
			productName = ViewTestingSampleUITests;
			productReference = A82F466626A80691005BED82 /* ViewTestingSampleUITests.xctest */;
			productType = "com.apple.product-type.bundle.ui-testing";
		};
/* End PBXNativeTarget section */

/* Begin PBXProject section */
		A82F464226A8068F005BED82 /* Project object */ = {
			isa = PBXProject;
			attributes = {
				LastSwiftUpdateCheck = 1250;
				LastUpgradeCheck = 1250;
				TargetAttributes = {
					A82F464926A8068F005BED82 = {
						CreatedOnToolsVersion = 12.5.1;
					};
					A82F465A26A80691005BED82 = {
						CreatedOnToolsVersion = 12.5.1;
						TestTargetID = A82F464926A8068F005BED82;
					};
					A82F466526A80691005BED82 = {
						CreatedOnToolsVersion = 12.5.1;
						TestTargetID = A82F464926A8068F005BED82;
					};
				};
			};
			buildConfigurationList = A82F464526A8068F005BED82 /* Build configuration list for PBXProject "ViewTestingSample" */;
			compatibilityVersion = "Xcode 9.3";
			developmentRegion = en;
			hasScannedForEncodings = 0;
			knownRegions = (
				en,
				Base,
			);
			mainGroup = A82F464126A8068F005BED82;
			packageReferences = (
				A82F467826A808CE005BED82 /* XCRemoteSwiftPackageReference "ViewInspector" */,
			);
			productRefGroup = A82F464B26A8068F005BED82 /* Products */;
			projectDirPath = "";
			projectRoot = "";
			targets = (
				A82F464926A8068F005BED82 /* ViewTestingSample */,
				A82F465A26A80691005BED82 /* ViewTestingSampleTests */,
				A82F466526A80691005BED82 /* ViewTestingSampleUITests */,
			);
		};
/* End PBXProject section */

/* Begin PBXResourcesBuildPhase section */
		A82F464826A8068F005BED82 /* Resources */ = {
			isa = PBXResourcesBuildPhase;
			buildActionMask = 2147483647;
			files = (
				A82F465526A80690005BED82 /* Preview Assets.xcassets in Resources */,
				A82F465226A80690005BED82 /* Assets.xcassets in Resources */,
			);
			runOnlyForDeploymentPostprocessing = 0;
		};
		A82F465926A80691005BED82 /* Resources */ = {
			isa = PBXResourcesBuildPhase;
			buildActionMask = 2147483647;
			files = (
			);
			runOnlyForDeploymentPostprocessing = 0;
		};
		A82F466426A80691005BED82 /* Resources */ = {
			isa = PBXResourcesBuildPhase;
			buildActionMask = 2147483647;
			files = (
			);
			runOnlyForDeploymentPostprocessing = 0;
		};
/* End PBXResourcesBuildPhase section */

/* Begin PBXSourcesBuildPhase section */
		A82F464626A8068F005BED82 /* Sources */ = {
			isa = PBXSourcesBuildPhase;
			buildActionMask = 2147483647;
			files = (
				A8D165E826B0D9B9002062B7 /* TabbedView.swift in Sources */,
				A849699D26AE45B900F34444 /* SimpleNavigationView.swift in Sources */,
				A82F468126A80B0C005BED82 /* View+Snapshot.swift in Sources */,
				A8C529CB26B137C6005D976E /* SwipeView.swift in Sources */,
				A849699F26AE4B2100F34444 /* LoginFormView.swift in Sources */,
				A82F465026A8068F005BED82 /* ContentView.swift in Sources */,
				A8D165E626B0D600002062B7 /* SegmentView.swift in Sources */,
				A82F467F26A80A7E005BED82 /* ViewModel.swift in Sources */,
				A8C529CD26B139A1005D976E /* ArgumentsView.swift in Sources */,
				A82F464E26A8068F005BED82 /* ViewTestingSampleApp.swift in Sources */,
				A8D165EA26B0DF7A002062B7 /* SwitchView.swift in Sources */,
			);
			runOnlyForDeploymentPostprocessing = 0;
		};
		A82F465726A80691005BED82 /* Sources */ = {
			isa = PBXSourcesBuildPhase;
			buildActionMask = 2147483647;
			files = (
				A82F466026A80691005BED82 /* ViewTestingSampleTests.swift in Sources */,
			);
			runOnlyForDeploymentPostprocessing = 0;
		};
		A82F466226A80691005BED82 /* Sources */ = {
			isa = PBXSourcesBuildPhase;
			buildActionMask = 2147483647;
			files = (
				A82F466B26A80691005BED82 /* ViewTestingSampleUITests.swift in Sources */,
			);
			runOnlyForDeploymentPostprocessing = 0;
		};
/* End PBXSourcesBuildPhase section */

/* Begin PBXTargetDependency section */
		A82F465D26A80691005BED82 /* PBXTargetDependency */ = {
			isa = PBXTargetDependency;
			target = A82F464926A8068F005BED82 /* ViewTestingSample */;
			targetProxy = A82F465C26A80691005BED82 /* PBXContainerItemProxy */;
		};
		A82F466826A80691005BED82 /* PBXTargetDependency */ = {
			isa = PBXTargetDependency;
			target = A82F464926A8068F005BED82 /* ViewTestingSample */;
			targetProxy = A82F466726A80691005BED82 /* PBXContainerItemProxy */;
		};
/* End PBXTargetDependency section */

/* Begin XCBuildConfiguration section */
		A82F466D26A80691005BED82 /* Debug */ = {
			isa = XCBuildConfiguration;
			buildSettings = {
				ALWAYS_SEARCH_USER_PATHS = NO;
				CLANG_ANALYZER_NONNULL = YES;
				CLANG_ANALYZER_NUMBER_OBJECT_CONVERSION = YES_AGGRESSIVE;
				CLANG_CXX_LANGUAGE_STANDARD = "gnu++14";
				CLANG_CXX_LIBRARY = "libc++";
				CLANG_ENABLE_MODULES = YES;
				CLANG_ENABLE_OBJC_ARC = YES;
				CLANG_ENABLE_OBJC_WEAK = YES;
				CLANG_WARN_BLOCK_CAPTURE_AUTORELEASING = YES;
				CLANG_WARN_BOOL_CONVERSION = YES;
				CLANG_WARN_COMMA = YES;
				CLANG_WARN_CONSTANT_CONVERSION = YES;
				CLANG_WARN_DEPRECATED_OBJC_IMPLEMENTATIONS = YES;
				CLANG_WARN_DIRECT_OBJC_ISA_USAGE = YES_ERROR;
				CLANG_WARN_DOCUMENTATION_COMMENTS = YES;
				CLANG_WARN_EMPTY_BODY = YES;
				CLANG_WARN_ENUM_CONVERSION = YES;
				CLANG_WARN_INFINITE_RECURSION = YES;
				CLANG_WARN_INT_CONVERSION = YES;
				CLANG_WARN_NON_LITERAL_NULL_CONVERSION = YES;
				CLANG_WARN_OBJC_IMPLICIT_RETAIN_SELF = YES;
				CLANG_WARN_OBJC_LITERAL_CONVERSION = YES;
				CLANG_WARN_OBJC_ROOT_CLASS = YES_ERROR;
				CLANG_WARN_QUOTED_INCLUDE_IN_FRAMEWORK_HEADER = YES;
				CLANG_WARN_RANGE_LOOP_ANALYSIS = YES;
				CLANG_WARN_STRICT_PROTOTYPES = YES;
				CLANG_WARN_SUSPICIOUS_MOVE = YES;
				CLANG_WARN_UNGUARDED_AVAILABILITY = YES_AGGRESSIVE;
				CLANG_WARN_UNREACHABLE_CODE = YES;
				CLANG_WARN__DUPLICATE_METHOD_MATCH = YES;
				COPY_PHASE_STRIP = NO;
				DEBUG_INFORMATION_FORMAT = dwarf;
				ENABLE_STRICT_OBJC_MSGSEND = YES;
				ENABLE_TESTABILITY = YES;
				GCC_C_LANGUAGE_STANDARD = gnu11;
				GCC_DYNAMIC_NO_PIC = NO;
				GCC_NO_COMMON_BLOCKS = YES;
				GCC_OPTIMIZATION_LEVEL = 0;
				GCC_PREPROCESSOR_DEFINITIONS = (
					"DEBUG=1",
					"$(inherited)",
				);
				GCC_WARN_64_TO_32_BIT_CONVERSION = YES;
				GCC_WARN_ABOUT_RETURN_TYPE = YES_ERROR;
				GCC_WARN_UNDECLARED_SELECTOR = YES;
				GCC_WARN_UNINITIALIZED_AUTOS = YES_AGGRESSIVE;
				GCC_WARN_UNUSED_FUNCTION = YES;
				GCC_WARN_UNUSED_VARIABLE = YES;
				IPHONEOS_DEPLOYMENT_TARGET = 14.5;
				MTL_ENABLE_DEBUG_INFO = INCLUDE_SOURCE;
				MTL_FAST_MATH = YES;
				ONLY_ACTIVE_ARCH = YES;
				SDKROOT = iphoneos;
				SWIFT_ACTIVE_COMPILATION_CONDITIONS = DEBUG;
				SWIFT_OPTIMIZATION_LEVEL = "-Onone";
			};
			name = Debug;
		};
		A82F466E26A80691005BED82 /* Release */ = {
			isa = XCBuildConfiguration;
			buildSettings = {
				ALWAYS_SEARCH_USER_PATHS = NO;
				CLANG_ANALYZER_NONNULL = YES;
				CLANG_ANALYZER_NUMBER_OBJECT_CONVERSION = YES_AGGRESSIVE;
				CLANG_CXX_LANGUAGE_STANDARD = "gnu++14";
				CLANG_CXX_LIBRARY = "libc++";
				CLANG_ENABLE_MODULES = YES;
				CLANG_ENABLE_OBJC_ARC = YES;
				CLANG_ENABLE_OBJC_WEAK = YES;
				CLANG_WARN_BLOCK_CAPTURE_AUTORELEASING = YES;
				CLANG_WARN_BOOL_CONVERSION = YES;
				CLANG_WARN_COMMA = YES;
				CLANG_WARN_CONSTANT_CONVERSION = YES;
				CLANG_WARN_DEPRECATED_OBJC_IMPLEMENTATIONS = YES;
				CLANG_WARN_DIRECT_OBJC_ISA_USAGE = YES_ERROR;
				CLANG_WARN_DOCUMENTATION_COMMENTS = YES;
				CLANG_WARN_EMPTY_BODY = YES;
				CLANG_WARN_ENUM_CONVERSION = YES;
				CLANG_WARN_INFINITE_RECURSION = YES;
				CLANG_WARN_INT_CONVERSION = YES;
				CLANG_WARN_NON_LITERAL_NULL_CONVERSION = YES;
				CLANG_WARN_OBJC_IMPLICIT_RETAIN_SELF = YES;
				CLANG_WARN_OBJC_LITERAL_CONVERSION = YES;
				CLANG_WARN_OBJC_ROOT_CLASS = YES_ERROR;
				CLANG_WARN_QUOTED_INCLUDE_IN_FRAMEWORK_HEADER = YES;
				CLANG_WARN_RANGE_LOOP_ANALYSIS = YES;
				CLANG_WARN_STRICT_PROTOTYPES = YES;
				CLANG_WARN_SUSPICIOUS_MOVE = YES;
				CLANG_WARN_UNGUARDED_AVAILABILITY = YES_AGGRESSIVE;
				CLANG_WARN_UNREACHABLE_CODE = YES;
				CLANG_WARN__DUPLICATE_METHOD_MATCH = YES;
				COPY_PHASE_STRIP = NO;
				DEBUG_INFORMATION_FORMAT = "dwarf-with-dsym";
				ENABLE_NS_ASSERTIONS = NO;
				ENABLE_STRICT_OBJC_MSGSEND = YES;
				GCC_C_LANGUAGE_STANDARD = gnu11;
				GCC_NO_COMMON_BLOCKS = YES;
				GCC_WARN_64_TO_32_BIT_CONVERSION = YES;
				GCC_WARN_ABOUT_RETURN_TYPE = YES_ERROR;
				GCC_WARN_UNDECLARED_SELECTOR = YES;
				GCC_WARN_UNINITIALIZED_AUTOS = YES_AGGRESSIVE;
				GCC_WARN_UNUSED_FUNCTION = YES;
				GCC_WARN_UNUSED_VARIABLE = YES;
				IPHONEOS_DEPLOYMENT_TARGET = 14.5;
				MTL_ENABLE_DEBUG_INFO = NO;
				MTL_FAST_MATH = YES;
				SDKROOT = iphoneos;
				SWIFT_COMPILATION_MODE = wholemodule;
				SWIFT_OPTIMIZATION_LEVEL = "-O";
				VALIDATE_PRODUCT = YES;
			};
			name = Release;
		};
		A82F467026A80691005BED82 /* Debug */ = {
			isa = XCBuildConfiguration;
			buildSettings = {
				ASSETCATALOG_COMPILER_APPICON_NAME = AppIcon;
				ASSETCATALOG_COMPILER_GLOBAL_ACCENT_COLOR_NAME = AccentColor;
				CODE_SIGN_STYLE = Automatic;
				DEVELOPMENT_ASSET_PATHS = "\"ViewTestingSample/Preview Content\"";
				ENABLE_PREVIEWS = YES;
				INFOPLIST_FILE = ViewTestingSample/Info.plist;
				IPHONEOS_DEPLOYMENT_TARGET = 14.0;
				LD_RUNPATH_SEARCH_PATHS = (
					"$(inherited)",
					"@executable_path/Frameworks",
				);
				PRODUCT_BUNDLE_IDENTIFIER = biz.usk.ViewTestingSample;
				PRODUCT_NAME = "$(TARGET_NAME)";
				SWIFT_VERSION = 5.0;
				TARGETED_DEVICE_FAMILY = "1,2";
			};
			name = Debug;
		};
		A82F467126A80691005BED82 /* Release */ = {
			isa = XCBuildConfiguration;
			buildSettings = {
				ASSETCATALOG_COMPILER_APPICON_NAME = AppIcon;
				ASSETCATALOG_COMPILER_GLOBAL_ACCENT_COLOR_NAME = AccentColor;
				CODE_SIGN_STYLE = Automatic;
				DEVELOPMENT_ASSET_PATHS = "\"ViewTestingSample/Preview Content\"";
				ENABLE_PREVIEWS = YES;
				INFOPLIST_FILE = ViewTestingSample/Info.plist;
				IPHONEOS_DEPLOYMENT_TARGET = 14.0;
				LD_RUNPATH_SEARCH_PATHS = (
					"$(inherited)",
					"@executable_path/Frameworks",
				);
				PRODUCT_BUNDLE_IDENTIFIER = biz.usk.ViewTestingSample;
				PRODUCT_NAME = "$(TARGET_NAME)";
				SWIFT_VERSION = 5.0;
				TARGETED_DEVICE_FAMILY = "1,2";
			};
			name = Release;
		};
		A82F467326A80691005BED82 /* Debug */ = {
			isa = XCBuildConfiguration;
			buildSettings = {
				ALWAYS_EMBED_SWIFT_STANDARD_LIBRARIES = YES;
				BUNDLE_LOADER = "$(TEST_HOST)";
				CODE_SIGN_STYLE = Automatic;
				INFOPLIST_FILE = ViewTestingSampleTests/Info.plist;
				IPHONEOS_DEPLOYMENT_TARGET = 14.0;
				LD_RUNPATH_SEARCH_PATHS = (
					"$(inherited)",
					"@executable_path/Frameworks",
					"@loader_path/Frameworks",
				);
				PRODUCT_BUNDLE_IDENTIFIER = biz.usk.ViewTestingSampleTests;
				PRODUCT_NAME = "$(TARGET_NAME)";
				SWIFT_VERSION = 5.0;
				TARGETED_DEVICE_FAMILY = "1,2";
				TEST_HOST = "$(BUILT_PRODUCTS_DIR)/ViewTestingSample.app/ViewTestingSample";
			};
			name = Debug;
		};
		A82F467426A80691005BED82 /* Release */ = {
			isa = XCBuildConfiguration;
			buildSettings = {
				ALWAYS_EMBED_SWIFT_STANDARD_LIBRARIES = YES;
				BUNDLE_LOADER = "$(TEST_HOST)";
				CODE_SIGN_STYLE = Automatic;
				INFOPLIST_FILE = ViewTestingSampleTests/Info.plist;
				IPHONEOS_DEPLOYMENT_TARGET = 14.0;
				LD_RUNPATH_SEARCH_PATHS = (
					"$(inherited)",
					"@executable_path/Frameworks",
					"@loader_path/Frameworks",
				);
				PRODUCT_BUNDLE_IDENTIFIER = biz.usk.ViewTestingSampleTests;
				PRODUCT_NAME = "$(TARGET_NAME)";
				SWIFT_VERSION = 5.0;
				TARGETED_DEVICE_FAMILY = "1,2";
				TEST_HOST = "$(BUILT_PRODUCTS_DIR)/ViewTestingSample.app/ViewTestingSample";
			};
			name = Release;
		};
		A82F467626A80691005BED82 /* Debug */ = {
			isa = XCBuildConfiguration;
			buildSettings = {
				ALWAYS_EMBED_SWIFT_STANDARD_LIBRARIES = YES;
				CODE_SIGN_STYLE = Automatic;
				INFOPLIST_FILE = ViewTestingSampleUITests/Info.plist;
				LD_RUNPATH_SEARCH_PATHS = (
					"$(inherited)",
					"@executable_path/Frameworks",
					"@loader_path/Frameworks",
				);
				PRODUCT_BUNDLE_IDENTIFIER = biz.usk.ViewTestingSampleUITests;
				PRODUCT_NAME = "$(TARGET_NAME)";
				SWIFT_VERSION = 5.0;
				TARGETED_DEVICE_FAMILY = "1,2";
				TEST_TARGET_NAME = ViewTestingSample;
			};
			name = Debug;
		};
		A82F467726A80691005BED82 /* Release */ = {
			isa = XCBuildConfiguration;
			buildSettings = {
				ALWAYS_EMBED_SWIFT_STANDARD_LIBRARIES = YES;
				CODE_SIGN_STYLE = Automatic;
				INFOPLIST_FILE = ViewTestingSampleUITests/Info.plist;
				LD_RUNPATH_SEARCH_PATHS = (
					"$(inherited)",
					"@executable_path/Frameworks",
					"@loader_path/Frameworks",
				);
				PRODUCT_BUNDLE_IDENTIFIER = biz.usk.ViewTestingSampleUITests;
				PRODUCT_NAME = "$(TARGET_NAME)";
				SWIFT_VERSION = 5.0;
				TARGETED_DEVICE_FAMILY = "1,2";
				TEST_TARGET_NAME = ViewTestingSample;
			};
			name = Release;
		};
/* End XCBuildConfiguration section */

/* Begin XCConfigurationList section */
		A82F464526A8068F005BED82 /* Build configuration list for PBXProject "ViewTestingSample" */ = {
			isa = XCConfigurationList;
			buildConfigurations = (
				A82F466D26A80691005BED82 /* Debug */,
				A82F466E26A80691005BED82 /* Release */,
			);
			defaultConfigurationIsVisible = 0;
			defaultConfigurationName = Release;
		};
		A82F466F26A80691005BED82 /* Build configuration list for PBXNativeTarget "ViewTestingSample" */ = {
			isa = XCConfigurationList;
			buildConfigurations = (
				A82F467026A80691005BED82 /* Debug */,
				A82F467126A80691005BED82 /* Release */,
			);
			defaultConfigurationIsVisible = 0;
			defaultConfigurationName = Release;
		};
		A82F467226A80691005BED82 /* Build configuration list for PBXNativeTarget "ViewTestingSampleTests" */ = {
			isa = XCConfigurationList;
			buildConfigurations = (
				A82F467326A80691005BED82 /* Debug */,
				A82F467426A80691005BED82 /* Release */,
			);
			defaultConfigurationIsVisible = 0;
			defaultConfigurationName = Release;
		};
		A82F467526A80691005BED82 /* Build configuration list for PBXNativeTarget "ViewTestingSampleUITests" */ = {
			isa = XCConfigurationList;
			buildConfigurations = (
				A82F467626A80691005BED82 /* Debug */,
				A82F467726A80691005BED82 /* Release */,
			);
			defaultConfigurationIsVisible = 0;
			defaultConfigurationName = Release;
		};
/* End XCConfigurationList section */

/* Begin XCRemoteSwiftPackageReference section */
		A82F467826A808CE005BED82 /* XCRemoteSwiftPackageReference "ViewInspector" */ = {
			isa = XCRemoteSwiftPackageReference;
			repositoryURL = "https://github.com/nalexn/ViewInspector";
			requirement = {
				kind = upToNextMajorVersion;
				minimumVersion = 0.8.1;
			};
		};
/* End XCRemoteSwiftPackageReference section */

/* Begin XCSwiftPackageProductDependency section */
		A82F467C26A808EA005BED82 /* ViewInspector */ = {
			isa = XCSwiftPackageProductDependency;
			package = A82F467826A808CE005BED82 /* XCRemoteSwiftPackageReference "ViewInspector" */;
			productName = ViewInspector;
		};
/* End XCSwiftPackageProductDependency section */
	};
	rootObject = A82F464226A8068F005BED82 /* Project object */;
}
